
Microsoft Visual Studio Solution File, Format Version 12.00
# Visual Studio Version 17
VisualStudioVersion = 17.0.31903.59
MinimumVisualStudioVersion = 10.0.40219.1
Project("{2150E333-8FDC-42A3-9474-1A3956D46DE8}") = "src", "src", "{827E0CD3-B72D-47B6-A68D-7590B98EB39B}"
EndProject
Project("{2150E333-8FDC-42A3-9474-1A3956D46DE8}") = "Core", "Core", "{8D626EA8-CB54-BC41-363A-217881BEBA6E}"
EndProject
Project("{FAE04EC0-301F-11D3-BF4B-00C04F79EFBC}") = "RandevumKolay.Domain", "src\Core\RandevumKolay.Domain\RandevumKolay.Domain.csproj", "{37420906-7DE6-448F-90F7-683267E46B85}"
EndProject
Project("{FAE04EC0-301F-11D3-BF4B-00C04F79EFBC}") = "RandevumKolay.Application", "src\Core\RandevumKolay.Application\RandevumKolay.Application.csproj", "{AFF1984A-F46E-4DA9-94FD-018C63134F86}"
EndProject
Project("{2150E333-8FDC-42A3-9474-1A3956D46DE8}") = "Infrastructure", "Infrastructure", "{9048EB7F-3875-A59E-E36B-5BD4C6F2A282}"
EndProject
Project("{FAE04EC0-301F-11D3-BF4B-00C04F79EFBC}") = "RandevumKolay.Infrastructure", "src\Infrastructure\RandevumKolay.Infrastructure\RandevumKolay.Infrastructure.csproj", "{F0D4AB95-50DE-41C7-A6CC-49E702AEA14E}"
EndProject
Project("{FAE04EC0-301F-11D3-BF4B-00C04F79EFBC}") = "RandevumKolay.Persistence", "src\Infrastructure\RandevumKolay.Persistence\RandevumKolay.Persistence.csproj", "{0669BF7C-998C-4E8E-886C-45A758FA4ACB}"
EndProject
Project("{2150E333-8FDC-42A3-9474-1A3956D46DE8}") = "Shared", "Shared", "{C8E42992-5E42-0C2B-DBFE-AA848D06431C}"
EndProject
Project("{FAE04EC0-301F-11D3-BF4B-00C04F79EFBC}") = "RandevumKolay.Shared", "src\Shared\RandevumKolay.Shared\RandevumKolay.Shared.csproj", "{57E7E1F6-3686-475A-BECE-9984CBF584D3}"
EndProject
Project("{2150E333-8FDC-42A3-9474-1A3956D46DE8}") = "API", "API", "{81034408-37C8-1011-444E-4C15C2FADA8E}"
EndProject
Project("{FAE04EC0-301F-11D3-BF4B-00C04F79EFBC}") = "RandevumKolay.API", "src\API\RandevumKolay.API\RandevumKolay.API.csproj", "{096489A5-56D9-44A2-8A4D-216B6942007F}"
EndProject
Project("{2150E333-8FDC-42A3-9474-1A3956D46DE8}") = "tests", "tests", "{0AB3BF05-4346-4AA6-1389-037BE0695223}"
EndProject
Project("{FAE04EC0-301F-11D3-BF4B-00C04F79EFBC}") = "RandevumKolay.Domain.Tests", "tests\RandevumKolay.Domain.Tests\RandevumKolay.Domain.Tests.csproj", "{E5C5FA93-2DC2-43AD-A556-63ACE67C9AF2}"
EndProject
Project("{FAE04EC0-301F-11D3-BF4B-00C04F79EFBC}") = "RandevumKolay.Application.Tests", "tests\RandevumKolay.Application.Tests\RandevumKolay.Application.Tests.csproj", "{45918DA1-4BD9-440E-B26A-0E7A63709A1F}"
EndProject
Global
	GlobalSection(SolutionConfigurationPlatforms) = preSolution
		Debug|Any CPU = Debug|Any CPU
		Debug|x64 = Debug|x64
		Debug|x86 = Debug|x86
		Release|Any CPU = Release|Any CPU
		Release|x64 = Release|x64
		Release|x86 = Release|x86
	EndGlobalSection
	GlobalSection(ProjectConfigurationPlatforms) = postSolution
		{37420906-7DE6-448F-90F7-683267E46B85}.Debug|Any CPU.ActiveCfg = Debug|Any CPU
		{37420906-7DE6-448F-90F7-683267E46B85}.Debug|Any CPU.Build.0 = Debug|Any CPU
		{37420906-7DE6-448F-90F7-683267E46B85}.Debug|x64.ActiveCfg = Debug|Any CPU
		{37420906-7DE6-448F-90F7-683267E46B85}.Debug|x64.Build.0 = Debug|Any CPU
		{37420906-7DE6-448F-90F7-683267E46B85}.Debug|x86.ActiveCfg = Debug|Any CPU
		{37420906-7DE6-448F-90F7-683267E46B85}.Debug|x86.Build.0 = Debug|Any CPU
		{37420906-7DE6-448F-90F7-683267E46B85}.Release|Any CPU.ActiveCfg = Release|Any CPU
		{37420906-7DE6-448F-90F7-683267E46B85}.Release|Any CPU.Build.0 = Release|Any CPU
		{37420906-7DE6-448F-90F7-683267E46B85}.Release|x64.ActiveCfg = Release|Any CPU
		{37420906-7DE6-448F-90F7-683267E46B85}.Release|x64.Build.0 = Release|Any CPU
		{37420906-7DE6-448F-90F7-683267E46B85}.Release|x86.ActiveCfg = Release|Any CPU
		{37420906-7DE6-448F-90F7-683267E46B85}.Release|x86.Build.0 = Release|Any CPU
		{AFF1984A-F46E-4DA9-94FD-018C63134F86}.Debug|Any CPU.ActiveCfg = Debug|Any CPU
		{AFF1984A-F46E-4DA9-94FD-018C63134F86}.Debug|Any CPU.Build.0 = Debug|Any CPU
		{AFF1984A-F46E-4DA9-94FD-018C63134F86}.Debug|x64.ActiveCfg = Debug|Any CPU
		{AFF1984A-F46E-4DA9-94FD-018C63134F86}.Debug|x64.Build.0 = Debug|Any CPU
		{AFF1984A-F46E-4DA9-94FD-018C63134F86}.Debug|x86.ActiveCfg = Debug|Any CPU
		{AFF1984A-F46E-4DA9-94FD-018C63134F86}.Debug|x86.Build.0 = Debug|Any CPU
		{AFF1984A-F46E-4DA9-94FD-018C63134F86}.Release|Any CPU.ActiveCfg = Release|Any CPU
		{AFF1984A-F46E-4DA9-94FD-018C63134F86}.Release|Any CPU.Build.0 = Release|Any CPU
		{AFF1984A-F46E-4DA9-94FD-018C63134F86}.Release|x64.ActiveCfg = Release|Any CPU
		{AFF1984A-F46E-4DA9-94FD-018C63134F86}.Release|x64.Build.0 = Release|Any CPU
		{AFF1984A-F46E-4DA9-94FD-018C63134F86}.Release|x86.ActiveCfg = Release|Any CPU
		{AFF1984A-F46E-4DA9-94FD-018C63134F86}.Release|x86.Build.0 = Release|Any CPU
		{F0D4AB95-50DE-41C7-A6CC-49E702AEA14E}.Debug|Any CPU.ActiveCfg = Debug|Any CPU
		{F0D4AB95-50DE-41C7-A6CC-49E702AEA14E}.Debug|Any CPU.Build.0 = Debug|Any CPU
		{F0D4AB95-50DE-41C7-A6CC-49E702AEA14E}.Debug|x64.ActiveCfg = Debug|Any CPU
		{F0D4AB95-50DE-41C7-A6CC-49E702AEA14E}.Debug|x64.Build.0 = Debug|Any CPU
		{F0D4AB95-50DE-41C7-A6CC-49E702AEA14E}.Debug|x86.ActiveCfg = Debug|Any CPU
		{F0D4AB95-50DE-41C7-A6CC-49E702AEA14E}.Debug|x86.Build.0 = Debug|Any CPU
		{F0D4AB95-50DE-41C7-A6CC-49E702AEA14E}.Release|Any CPU.ActiveCfg = Release|Any CPU
		{F0D4AB95-50DE-41C7-A6CC-49E702AEA14E}.Release|Any CPU.Build.0 = Release|Any CPU
		{F0D4AB95-50DE-41C7-A6CC-49E702AEA14E}.Release|x64.ActiveCfg = Release|Any CPU
		{F0D4AB95-50DE-41C7-A6CC-49E702AEA14E}.Release|x64.Build.0 = Release|Any CPU
		{F0D4AB95-50DE-41C7-A6CC-49E702AEA14E}.Release|x86.ActiveCfg = Release|Any CPU
		{F0D4AB95-50DE-41C7-A6CC-49E702AEA14E}.Release|x86.Build.0 = Release|Any CPU
		{0669BF7C-998C-4E8E-886C-45A758FA4ACB}.Debug|Any CPU.ActiveCfg = Debug|Any CPU
		{0669BF7C-998C-4E8E-886C-45A758FA4ACB}.Debug|Any CPU.Build.0 = Debug|Any CPU
		{0669BF7C-998C-4E8E-886C-45A758FA4ACB}.Debug|x64.ActiveCfg = Debug|Any CPU
		{0669BF7C-998C-4E8E-886C-45A758FA4ACB}.Debug|x64.Build.0 = Debug|Any CPU
		{0669BF7C-998C-4E8E-886C-45A758FA4ACB}.Debug|x86.ActiveCfg = Debug|Any CPU
		{0669BF7C-998C-4E8E-886C-45A758FA4ACB}.Debug|x86.Build.0 = Debug|Any CPU
		{0669BF7C-998C-4E8E-886C-45A758FA4ACB}.Release|Any CPU.ActiveCfg = Release|Any CPU
		{0669BF7C-998C-4E8E-886C-45A758FA4ACB}.Release|Any CPU.Build.0 = Release|Any CPU
		{0669BF7C-998C-4E8E-886C-45A758FA4ACB}.Release|x64.ActiveCfg = Release|Any CPU
		{0669BF7C-998C-4E8E-886C-45A758FA4ACB}.Release|x64.Build.0 = Release|Any CPU
		{0669BF7C-998C-4E8E-886C-45A758FA4ACB}.Release|x86.ActiveCfg = Release|Any CPU
		{0669BF7C-998C-4E8E-886C-45A758FA4ACB}.Release|x86.Build.0 = Release|Any CPU
		{57E7E1F6-3686-475A-BECE-9984CBF584D3}.Debug|Any CPU.ActiveCfg = Debug|Any CPU
		{57E7E1F6-3686-475A-BECE-9984CBF584D3}.Debug|Any CPU.Build.0 = Debug|Any CPU
		{57E7E1F6-3686-475A-BECE-9984CBF584D3}.Debug|x64.ActiveCfg = Debug|Any CPU
		{57E7E1F6-3686-475A-BECE-9984CBF584D3}.Debug|x64.Build.0 = Debug|Any CPU
		{57E7E1F6-3686-475A-BECE-9984CBF584D3}.Debug|x86.ActiveCfg = Debug|Any CPU
		{57E7E1F6-3686-475A-BECE-9984CBF584D3}.Debug|x86.Build.0 = Debug|Any CPU
		{57E7E1F6-3686-475A-BECE-9984CBF584D3}.Release|Any CPU.ActiveCfg = Release|Any CPU
		{57E7E1F6-3686-475A-BECE-9984CBF584D3}.Release|Any CPU.Build.0 = Release|Any CPU
		{57E7E1F6-3686-475A-BECE-9984CBF584D3}.Release|x64.ActiveCfg = Release|Any CPU
		{57E7E1F6-3686-475A-BECE-9984CBF584D3}.Release|x64.Build.0 = Release|Any CPU
		{57E7E1F6-3686-475A-BECE-9984CBF584D3}.Release|x86.ActiveCfg = Release|Any CPU
		{57E7E1F6-3686-475A-BECE-9984CBF584D3}.Release|x86.Build.0 = Release|Any CPU
		{096489A5-56D9-44A2-8A4D-216B6942007F}.Debug|Any CPU.ActiveCfg = Debug|Any CPU
		{096489A5-56D9-44A2-8A4D-216B6942007F}.Debug|Any CPU.Build.0 = Debug|Any CPU
		{096489A5-56D9-44A2-8A4D-216B6942007F}.Debug|x64.ActiveCfg = Debug|Any CPU
		{096489A5-56D9-44A2-8A4D-216B6942007F}.Debug|x64.Build.0 = Debug|Any CPU
		{096489A5-56D9-44A2-8A4D-216B6942007F}.Debug|x86.ActiveCfg = Debug|Any CPU
		{096489A5-56D9-44A2-8A4D-216B6942007F}.Debug|x86.Build.0 = Debug|Any CPU
		{096489A5-56D9-44A2-8A4D-216B6942007F}.Release|Any CPU.ActiveCfg = Release|Any CPU
		{096489A5-56D9-44A2-8A4D-216B6942007F}.Release|Any CPU.Build.0 = Release|Any CPU
		{096489A5-56D9-44A2-8A4D-216B6942007F}.Release|x64.ActiveCfg = Release|Any CPU
		{096489A5-56D9-44A2-8A4D-216B6942007F}.Release|x64.Build.0 = Release|Any CPU
		{096489A5-56D9-44A2-8A4D-216B6942007F}.Release|x86.ActiveCfg = Release|Any CPU
		{096489A5-56D9-44A2-8A4D-216B6942007F}.Release|x86.Build.0 = Release|Any CPU
		{E5C5FA93-2DC2-43AD-A556-63ACE67C9AF2}.Debug|Any CPU.ActiveCfg = Debug|Any CPU
		{E5C5FA93-2DC2-43AD-A556-63ACE67C9AF2}.Debug|Any CPU.Build.0 = Debug|Any CPU
		{E5C5FA93-2DC2-43AD-A556-63ACE67C9AF2}.Debug|x64.ActiveCfg = Debug|Any CPU
		{E5C5FA93-2DC2-43AD-A556-63ACE67C9AF2}.Debug|x64.Build.0 = Debug|Any CPU
		{E5C5FA93-2DC2-43AD-A556-63ACE67C9AF2}.Debug|x86.ActiveCfg = Debug|Any CPU
		{E5C5FA93-2DC2-43AD-A556-63ACE67C9AF2}.Debug|x86.Build.0 = Debug|Any CPU
		{E5C5FA93-2DC2-43AD-A556-63ACE67C9AF2}.Release|Any CPU.ActiveCfg = Release|Any CPU
		{E5C5FA93-2DC2-43AD-A556-63ACE67C9AF2}.Release|Any CPU.Build.0 = Release|Any CPU
		{E5C5FA93-2DC2-43AD-A556-63ACE67C9AF2}.Release|x64.ActiveCfg = Release|Any CPU
		{E5C5FA93-2DC2-43AD-A556-63ACE67C9AF2}.Release|x64.Build.0 = Release|Any CPU
		{E5C5FA93-2DC2-43AD-A556-63ACE67C9AF2}.Release|x86.ActiveCfg = Release|Any CPU
		{E5C5FA93-2DC2-43AD-A556-63ACE67C9AF2}.Release|x86.Build.0 = Release|Any CPU
		{45918DA1-4BD9-440E-B26A-0E7A63709A1F}.Debug|Any CPU.ActiveCfg = Debug|Any CPU
		{45918DA1-4BD9-440E-B26A-0E7A63709A1F}.Debug|Any CPU.Build.0 = Debug|Any CPU
		{45918DA1-4BD9-440E-B26A-0E7A63709A1F}.Debug|x64.ActiveCfg = Debug|Any CPU
		{45918DA1-4BD9-440E-B26A-0E7A63709A1F}.Debug|x64.Build.0 = Debug|Any CPU
		{45918DA1-4BD9-440E-B26A-0E7A63709A1F}.Debug|x86.ActiveCfg = Debug|Any CPU
		{45918DA1-4BD9-440E-B26A-0E7A63709A1F}.Debug|x86.Build.0 = Debug|Any CPU
		{45918DA1-4BD9-440E-B26A-0E7A63709A1F}.Release|Any CPU.ActiveCfg = Release|Any CPU
		{45918DA1-4BD9-440E-B26A-0E7A63709A1F}.Release|Any CPU.Build.0 = Release|Any CPU
		{45918DA1-4BD9-440E-B26A-0E7A63709A1F}.Release|x64.ActiveCfg = Release|Any CPU
		{45918DA1-4BD9-440E-B26A-0E7A63709A1F}.Release|x64.Build.0 = Release|Any CPU
		{45918DA1-4BD9-440E-B26A-0E7A63709A1F}.Release|x86.ActiveCfg = Release|Any CPU
		{45918DA1-4BD9-440E-B26A-0E7A63709A1F}.Release|x86.Build.0 = Release|Any CPU
	EndGlobalSection
	GlobalSection(SolutionProperties) = preSolution
		HideSolutionNode = FALSE
	EndGlobalSection
	GlobalSection(NestedProjects) = preSolution
		{8D626EA8-CB54-BC41-363A-217881BEBA6E} = {827E0CD3-B72D-47B6-A68D-7590B98EB39B}
		{37420906-7DE6-448F-90F7-683267E46B85} = {8D626EA8-CB54-BC41-363A-217881BEBA6E}
		{AFF1984A-F46E-4DA9-94FD-018C63134F86} = {8D626EA8-CB54-BC41-363A-217881BEBA6E}
		{9048EB7F-3875-A59E-E36B-5BD4C6F2A282} = {827E0CD3-B72D-47B6-A68D-7590B98EB39B}
		{F0D4AB95-50DE-41C7-A6CC-49E702AEA14E} = {9048EB7F-3875-A59E-E36B-5BD4C6F2A282}
		{0669BF7C-998C-4E8E-886C-45A758FA4ACB} = {9048EB7F-3875-A59E-E36B-5BD4C6F2A282}
		{C8E42992-5E42-0C2B-DBFE-AA848D06431C} = {827E0CD3-B72D-47B6-A68D-7590B98EB39B}
		{57E7E1F6-3686-475A-BECE-9984CBF584D3} = {C8E42992-5E42-0C2B-DBFE-AA848D06431C}
		{81034408-37C8-1011-444E-4C15C2FADA8E} = {827E0CD3-B72D-47B6-A68D-7590B98EB39B}
		{096489A5-56D9-44A2-8A4D-216B6942007F} = {8D626EA8-CB54-BC41-363A-217881BEBA6E}
		{E5C5FA93-2DC2-43AD-A556-63ACE67C9AF2} = {0AB3BF05-4346-4AA6-1389-037BE0695223}
		{45918DA1-4BD9-440E-B26A-0E7A63709A1F} = {0AB3BF05-4346-4AA6-1389-037BE0695223}
	EndGlobalSection
EndGlobal
